hash: 4ac8633cfaf85bebfe205684b5f0cefe1828aa258d6b214d02039ebf35ab7bd3
updated: 2016-06-17T17:34:58.151801+02:00
imports:
- name: bitbucket.org/chrj/smtpd
  version: '***'
- name: github.com/bsm/ratelimit
  version: cf024e72f03fcbd6d7464850ef70cd3f77d5c64a
- name: github.com/mattbaird/gochimp
  version: 0fee1e28b9a34db55eb4d6b4e7ba3d675219935d
- name: github.com/urfave/cli
  version: b438abf775124d32be72016935a9553dbffe8473
devImports: []
