hash: f80d1e6927d7d3b020a693864c6a76eaf5b7aae9cce9753863256f9c94ff51af
updated: 2016-06-21T16:48:07.4394+02:00
imports:
- name: bitbucket.org/chrj/smtpd
  version: ""
- name: github.com/garyburd/redigo
  version: 66a21c47c45f96f58bb99efadde6fe1dbf6e2beb
  subpackages:
  - redis
  - internal
- name: github.com/lysu/go-rate-limiter
  version: 66a21c47c45f96f58bb99efadde6fe1dbf6e2beb
- name: github.com/mattbaird/gochimp
  version: 66a21c47c45f96f58bb99efadde6fe1dbf6e2beb
- name: github.com/Sirupsen/logrus
  version: 66a21c47c45f96f58bb99efadde6fe1dbf6e2beb
- name: github.com/urfave/cli
  version: 66a21c47c45f96f58bb99efadde6fe1dbf6e2beb
- name: github.com/wunderlist/ttlcache
  version: 66a21c47c45f96f58bb99efadde6fe1dbf6e2beb
- name: golang.org/x/net
  version: 66a21c47c45f96f58bb99efadde6fe1dbf6e2beb
  subpackages:
  - context
- name: golang.org/x/sys
  version: 66a21c47c45f96f58bb99efadde6fe1dbf6e2beb
  subpackages:
  - unix
devImports: []
