hash: a5e328b9c0f06d0f6935f5a65aa831fcc01a6a8a2b07bf8cbd693ed667f33fa1
updated: 2016-06-22T17:01:47.977494+02:00
imports:
- name: bitbucket.org/chrj/smtpd
  version: ""
- name: github.com/abo/rerate
  version: b3261b26e05ab7ffa3988cc5f2bbf61b0a8b0296
- name: github.com/garyburd/redigo
  version: 828ffaf3a87ccd29ee3feeca61b7c06641d58687
  subpackages:
  - redis
  - internal
- name: github.com/mattbaird/gochimp
  version: 828ffaf3a87ccd29ee3feeca61b7c06641d58687
- name: github.com/Sirupsen/logrus
  version: 828ffaf3a87ccd29ee3feeca61b7c06641d58687
- name: github.com/urfave/cli
  version: 828ffaf3a87ccd29ee3feeca61b7c06641d58687
- name: golang.org/x/sys
  version: 828ffaf3a87ccd29ee3feeca61b7c06641d58687
  subpackages:
  - unix
devImports: []
